schema: '2.0'
stages:
  data_ingestion:
    cmd: uv run python -m src.pipeline.stage_01_ingestion
    deps:
    - path: config/config.yaml
      hash: md5
      md5: 1f1b24d838d93a60d661426d8d056420
      size: 541
    - path: src/pipeline/stage_01_ingestion.py
      hash: md5
      md5: ff665aa675659fb28fbf03c027dd68e1
      size: 1669
    outs:
    - path: artifacts/data_ingestion/books.csv
      hash: md5
      md5: fb986e694176649505eec4a383b8a3eb
      size: 4142211
  data_transformation:
    cmd: uv run python -m src.pipeline.stage_02_transformation
    deps:
    - path: artifacts/data_ingestion/books.csv
      hash: md5
      md5: fb986e694176649505eec4a383b8a3eb
      size: 4142211
    - path: src/pipeline/stage_02_transformation.py
      hash: md5
      md5: b99de3acce5e888abe76c4006360a5a1
      size: 1756
    params:
      params.yaml:
        data_transformation.min_desc_len: 20
        data_transformation.test_size: 0.3
        data_transformation.val_size: 0.5
    outs:
    - path: artifacts/data_transformation
      hash: md5
      md5: 9c885253d379ab292de931926653839e.dir
      size: 4134717
      nfiles: 3
